// !$*UTF8*$!
{
	archiveVersion = 1;
	classes = {
	};
	objectVersion = 48;
	objects = {

/* Begin PBXBuildFile section */
		505466B71FB78D2600BD8C2C /* AppDelegate.swift in Sources */ = {isa = PBXBuildFile; fileRef = 505466B61FB78D2600BD8C2C /* AppDelegate.swift */; };
		505466B91FB78D2600BD8C2C /* ViewController.swift in Sources */ = {isa = PBXBuildFile; fileRef = 505466B81FB78D2600BD8C2C /* ViewController.swift */; };
		505466BC1FB78D2600BD8C2C /* Main.storyboard in Resources */ = {isa = PBXBuildFile; fileRef = 505466BA1FB78D2600BD8C2C /* Main.storyboard */; };
		505466BE1FB78D2600BD8C2C /* Assets.xcassets in Resources */ = {isa = PBXBuildFile; fileRef = 505466BD1FB78D2600BD8C2C /* Assets.xcassets */; };
		505466C11FB78D2600BD8C2C /* LaunchScreen.storyboard in Resources */ = {isa = PBXBuildFile; fileRef = 505466BF1FB78D2600BD8C2C /* LaunchScreen.storyboard */; };
		505466CC1FB78D2600BD8C2C /* ShoppingCalculatorTests.swift in Sources */ = {isa = PBXBuildFile; fileRef = 505466CB1FB78D2600BD8C2C /* ShoppingCalculatorTests.swift */; };
		505466D71FB78D2600BD8C2C /* ShoppingCalculatorUITests.swift in Sources */ = {isa = PBXBuildFile; fileRef = 505466D61FB78D2600BD8C2C /* ShoppingCalculatorUITests.swift */; };
		505466E61FB78FB100BD8C2C /* PlaceholderProp.swift in Sources */ = {isa = PBXBuildFile; fileRef = 505466E51FB78FB100BD8C2C /* PlaceholderProp.swift */; };
/* End PBXBuildFile section */

/* Begin PBXContainerItemProxy section */
		505466C81FB78D2600BD8C2C /* PBXContainerItemProxy */ = {
			isa = PBXContainerItemProxy;
			containerPortal = 505466AB1FB78D2600BD8C2C /* Project object */;
			proxyType = 1;
			remoteGlobalIDString = 505466B21FB78D2600BD8C2C;
			remoteInfo = ShoppingCalculator;
		};
		505466D31FB78D2600BD8C2C /* PBXContainerItemProxy */ = {
			isa = PBXContainerItemProxy;
			containerPortal = 505466AB1FB78D2600BD8C2C /* Project object */;
			proxyType = 1;
			remoteGlobalIDString = 505466B21FB78D2600BD8C2C;
			remoteInfo = ShoppingCalculator;
		};
/* End PBXContainerItemProxy section */

/* Begin PBXFileReference section */
		505466B31FB78D2600BD8C2C /* ShoppingCalculator.app */ = {isa = PBXFileReference; explicitFileType = wrapper.application; includeInIndex = 0; path = ShoppingCalculator.app; sourceTree = BUILT_PRODUCTS_DIR; };
		505466B61FB78D2600BD8C2C /* AppDelegate.swift */ = {isa = PBXFileReference; lastKnownFileType = sourcecode.swift; path = AppDelegate.swift; sourceTree = "<group>"; };
		505466B81FB78D2600BD8C2C /* ViewController.swift */ = {isa = PBXFileReference; lastKnownFileType = sourcecode.swift; path = ViewController.swift; sourceTree = "<group>"; };
		505466BB1FB78D2600BD8C2C /* Base */ = {isa = PBXFileReference; lastKnownFileType = file.storyboard; name = Base; path = Base.lproj/Main.storyboard; sourceTree = "<group>"; };
		505466BD1FB78D2600BD8C2C /* Assets.xcassets */ = {isa = PBXFileReference; lastKnownFileType = folder.assetcatalog; path = Assets.xcassets; sourceTree = "<group>"; };
		505466C01FB78D2600BD8C2C /* Base */ = {isa = PBXFileReference; lastKnownFileType = file.storyboard; name = Base; path = Base.lproj/LaunchScreen.storyboard; sourceTree = "<group>"; };
		505466C21FB78D2600BD8C2C /* Info.plist */ = {isa = PBXFileReference; lastKnownFileType = text.plist.xml; path = Info.plist; sourceTree = "<group>"; };
		505466C71FB78D2600BD8C2C /* ShoppingCalculatorTests.xctest */ = {isa = PBXFileReference; explicitFileType = wrapper.cfbundle; includeInIndex = 0; path = ShoppingCalculatorTests.xctest; sourceTree = BUILT_PRODUCTS_DIR; };
		505466CB1FB78D2600BD8C2C /* ShoppingCalculatorTests.swift */ = {isa = PBXFileReference; lastKnownFileType = sourcecode.swift; path = ShoppingCalculatorTests.swift; sourceTree = "<group>"; };
		505466CD1FB78D2600BD8C2C /* Info.plist */ = {isa = PBXFileReference; lastKnownFileType = text.plist.xml; path = Info.plist; sourceTree = "<group>"; };
		505466D21FB78D2600BD8C2C /* ShoppingCalculatorUITests.xctest */ = {isa = PBXFileReference; explicitFileType = wrapper.cfbundle; includeInIndex = 0; path = ShoppingCalculatorUITests.xctest; sourceTree = BUILT_PRODUCTS_DIR; };
		505466D61FB78D2600BD8C2C /* ShoppingCalculatorUITests.swift */ = {isa = PBXFileReference; lastKnownFileType = sourcecode.swift; path = ShoppingCalculatorUITests.swift; sourceTree = "<group>"; };
		505466D81FB78D2600BD8C2C /* Info.plist */ = {isa = PBXFileReference; lastKnownFileType = text.plist.xml; path = Info.plist; sourceTree = "<group>"; };
		505466E51FB78FB100BD8C2C /* PlaceholderProp.swift */ = {isa = PBXFileReference; lastKnownFileType = sourcecode.swift; path = PlaceholderProp.swift; sourceTree = "<group>"; };
/* End PBXFileReference section */

/* Begin PBXFrameworksBuildPhase section */
		505466B01FB78D2600BD8C2C /* Frameworks */ = {
			isa = PBXFrameworksBuildPhase;
			buildActionMask = 2147483647;
			files = (
			);
			runOnlyForDeploymentPostprocessing = 0;
		};
		505466C41FB78D2600BD8C2C /* Frameworks */ = {
			isa = PBXFrameworksBuildPhase;
			buildActionMask = 2147483647;
			files = (
			);
			runOnlyForDeploymentPostprocessing = 0;
		};
		505466CF1FB78D2600BD8C2C /* Frameworks */ = {
			isa = PBXFrameworksBuildPhase;
			buildActionMask = 2147483647;
			files = (
			);
			runOnlyForDeploymentPostprocessing = 0;
		};
/* End PBXFrameworksBuildPhase section */

/* Begin PBXGroup section */
		505466AA1FB78D2600BD8C2C = {
			isa = PBXGroup;
			children = (
				505466B51FB78D2600BD8C2C /* ShoppingCalculator */,
				505466CA1FB78D2600BD8C2C /* ShoppingCalculatorTests */,
				505466D51FB78D2600BD8C2C /* ShoppingCalculatorUITests */,
				505466B41FB78D2600BD8C2C /* Products */,
			);
			sourceTree = "<group>";
		};
		505466B41FB78D2600BD8C2C /* Products */ = {
			isa = PBXGroup;
			children = (
				505466B31FB78D2600BD8C2C /* ShoppingCalculator.app */,
				505466C71FB78D2600BD8C2C /* ShoppingCalculatorTests.xctest */,
				505466D21FB78D2600BD8C2C /* ShoppingCalculatorUITests.xctest */,
			);
			name = Products;
			sourceTree = "<group>";
		};
		505466B51FB78D2600BD8C2C /* ShoppingCalculator */ = {
			isa = PBXGroup;
			children = (
				505466E41FB78F8400BD8C2C /* Views */,
				505466B61FB78D2600BD8C2C /* AppDelegate.swift */,
				505466B81FB78D2600BD8C2C /* ViewController.swift */,
				505466BA1FB78D2600BD8C2C /* Main.storyboard */,
				505466BD1FB78D2600BD8C2C /* Assets.xcassets */,
				505466BF1FB78D2600BD8C2C /* LaunchScreen.storyboard */,
				505466C21FB78D2600BD8C2C /* Info.plist */,
			);
			path = ShoppingCalculator;
			sourceTree = "<group>";
		};
		505466CA1FB78D2600BD8C2C /* ShoppingCalculatorTests */ = {
			isa = PBXGroup;
			children = (
				505466CB1FB78D2600BD8C2C /* ShoppingCalculatorTests.swift */,
				505466CD1FB78D2600BD8C2C /* Info.plist */,
			);
			path = ShoppingCalculatorTests;
			sourceTree = "<group>";
		};
		505466D51FB78D2600BD8C2C /* ShoppingCalculatorUITests */ = {
			isa = PBXGroup;
			children = (
				505466D61FB78D2600BD8C2C /* ShoppingCalculatorUITests.swift */,
				505466D81FB78D2600BD8C2C /* Info.plist */,
			);
			path = ShoppingCalculatorUITests;
			sourceTree = "<group>";
		};
		505466E41FB78F8400BD8C2C /* Views */ = {
			isa = PBXGroup;
			children = (
				505466E51FB78FB100BD8C2C /* PlaceholderProp.swift */,
			);
			path = Views;
			sourceTree = "<group>";
		};
/* End PBXGroup section */

/* Begin PBXNativeTarget section */
		505466B21FB78D2600BD8C2C /* ShoppingCalculator */ = {
			isa = PBXNativeTarget;
			buildConfigurationList = 505466DB1FB78D2600BD8C2C /* Build configuration list for PBXNativeTarget "ShoppingCalculator" */;
			buildPhases = (
				505466AF1FB78D2600BD8C2C /* Sources */,
				505466B01FB78D2600BD8C2C /* Frameworks */,
				505466B11FB78D2600BD8C2C /* Resources */,
			);
			buildRules = (
			);
			dependencies = (
			);
			name = ShoppingCalculator;
			productName = ShoppingCalculator;
			productReference = 505466B31FB78D2600BD8C2C /* ShoppingCalculator.app */;
			productType = "com.apple.product-type.application";
		};
		505466C61FB78D2600BD8C2C /* ShoppingCalculatorTests */ = {
			isa = PBXNativeTarget;
			buildConfigurationList = 505466DE1FB78D2600BD8C2C /* Build configuration list for PBXNativeTarget "ShoppingCalculatorTests" */;
			buildPhases = (
				505466C31FB78D2600BD8C2C /* Sources */,
				505466C41FB78D2600BD8C2C /* Frameworks */,
				505466C51FB78D2600BD8C2C /* Resources */,
			);
			buildRules = (
			);
			dependencies = (
				505466C91FB78D2600BD8C2C /* PBXTargetDependency */,
			);
			name = ShoppingCalculatorTests;
			productName = ShoppingCalculatorTests;
			productReference = 505466C71FB78D2600BD8C2C /* ShoppingCalculatorTests.xctest */;
			productType = "com.apple.product-type.bundle.unit-test";
		};
		505466D11FB78D2600BD8C2C /* ShoppingCalculatorUITests */ = {
			isa = PBXNativeTarget;
			buildConfigurationList = 505466E11FB78D2600BD8C2C /* Build configuration list for PBXNativeTarget "ShoppingCalculatorUITests" */;
			buildPhases = (
				505466CE1FB78D2600BD8C2C /* Sources */,
				505466CF1FB78D2600BD8C2C /* Frameworks */,
				505466D01FB78D2600BD8C2C /* Resources */,
			);
			buildRules = (
			);
			dependencies = (
				505466D41FB78D2600BD8C2C /* PBXTargetDependency */,
			);
			name = ShoppingCalculatorUITests;
			productName = ShoppingCalculatorUITests;
			productReference = 505466D21FB78D2600BD8C2C /* ShoppingCalculatorUITests.xctest */;
			productType = "com.apple.product-type.bundle.ui-testing";
		};
/* End PBXNativeTarget section */

/* Begin PBXProject section */
		505466AB1FB78D2600BD8C2C /* Project object */ = {
			isa = PBXProject;
			attributes = {
				LastSwiftUpdateCheck = 0910;
				LastUpgradeCheck = 0910;
				ORGANIZATIONNAME = Rk;
				TargetAttributes = {
					505466B21FB78D2600BD8C2C = {
						CreatedOnToolsVersion = 9.1;
						ProvisioningStyle = Automatic;
					};
					505466C61FB78D2600BD8C2C = {
						CreatedOnToolsVersion = 9.1;
						ProvisioningStyle = Automatic;
						TestTargetID = 505466B21FB78D2600BD8C2C;
					};
					505466D11FB78D2600BD8C2C = {
						CreatedOnToolsVersion = 9.1;
						ProvisioningStyle = Automatic;
						TestTargetID = 505466B21FB78D2600BD8C2C;
					};
				};
			};
			buildConfigurationList = 505466AE1FB78D2600BD8C2C /* Build configuration list for PBXProject "ShoppingCalculator" */;
			compatibilityVersion = "Xcode 8.0";
			developmentRegion = en;
			hasScannedForEncodings = 0;
			knownRegions = (
				en,
				Base,
			);
			mainGroup = 505466AA1FB78D2600BD8C2C;
			productRefGroup = 505466B41FB78D2600BD8C2C /* Products */;
			projectDirPath = "";
			projectRoot = "";
			targets = (
				505466B21FB78D2600BD8C2C /* ShoppingCalculator */,
				505466C61FB78D2600BD8C2C /* ShoppingCalculatorTests */,
				505466D11FB78D2600BD8C2C /* ShoppingCalculatorUITests */,
			);
		};
/* End PBXProject section */

/* Begin PBXResourcesBuildPhase section */
		505466B11FB78D2600BD8C2C /* Resources */ = {
			isa = PBXResourcesBuildPhase;
			buildActionMask = 2147483647;
			files = (
				505466C11FB78D2600BD8C2C /* LaunchScreen.storyboard in Resources */,
				505466BE1FB78D2600BD8C2C /* Assets.xcassets in Resources */,
				505466BC1FB78D2600BD8C2C /* Main.storyboard in Resources */,
			);
			runOnlyForDeploymentPostprocessing = 0;
		};
		505466C51FB78D2600BD8C2C /* Resources */ = {
			isa = PBXResourcesBuildPhase;
			buildActionMask = 2147483647;
			files = (
			);
			runOnlyForDeploymentPostprocessing = 0;
		};
		505466D01FB78D2600BD8C2C /* Resources */ = {
			isa = PBXResourcesBuildPhase;
			buildActionMask = 2147483647;
			files = (
			);
			runOnlyForDeploymentPostprocessing = 0;
		};
/* End PBXResourcesBuildPhase section */

/* Begin PBXSourcesBuildPhase section */
		505466AF1FB78D2600BD8C2C /* Sources */ = {
			isa = PBXSourcesBuildPhase;
			buildActionMask = 2147483647;
			files = (
				505466B91FB78D2600BD8C2C /* ViewController.swift in Sources */,
				505466E61FB78FB100BD8C2C /* PlaceholderProp.swift in Sources */,
				505466B71FB78D2600BD8C2C /* AppDelegate.swift in Sources */,
			);
			runOnlyForDeploymentPostprocessing = 0;
		};
		505466C31FB78D2600BD8C2C /* Sources */ = {
			isa = PBXSourcesBuildPhase;
			buildActionMask = 2147483647;
			files = (
				505466CC1FB78D2600BD8C2C /* ShoppingCalculatorTests.swift in Sources */,
			);
			runOnlyForDeploymentPostprocessing = 0;
		};
		505466CE1FB78D2600BD8C2C /* Sources */ = {
			isa = PBXSourcesBuildPhase;
			buildActionMask = 2147483647;
			files = (
				505466D71FB78D2600BD8C2C /* ShoppingCalculatorUITests.swift in Sources */,
			);
			runOnlyForDeploymentPostprocessing = 0;
		};
/* End PBXSourcesBuildPhase section */

/* Begin PBXTargetDependency section */
		505466C91FB78D2600BD8C2C /* PBXTargetDependency */ = {
			isa = PBXTargetDependency;
			target = 505466B21FB78D2600BD8C2C /* ShoppingCalculator */;
			targetProxy = 505466C81FB78D2600BD8C2C /* PBXContainerItemProxy */;
		};
		505466D41FB78D2600BD8C2C /* PBXTargetDependency */ = {
			isa = PBXTargetDependency;
			target = 505466B21FB78D2600BD8C2C /* ShoppingCalculator */;
			targetProxy = 505466D31FB78D2600BD8C2C /* PBXContainerItemProxy */;
		};
/* End PBXTargetDependency section */

/* Begin PBXVariantGroup section */
		505466BA1FB78D2600BD8C2C /* Main.storyboard */ = {
			isa = PBXVariantGroup;
			children = (
				505466BB1FB78D2600BD8C2C /* Base */,
			);
			name = Main.storyboard;
			sourceTree = "<group>";
		};
		505466BF1FB78D2600BD8C2C /* LaunchScreen.storyboard */ = {
			isa = PBXVariantGroup;
			children = (
				505466C01FB78D2600BD8C2C /* Base */,
			);
			name = LaunchScreen.storyboard;
			sourceTree = "<group>";
		};
/* End PBXVariantGroup section */

/* Begin XCBuildConfiguration section */
		505466D91FB78D2600BD8C2C /* Debug */ = {
			isa = XCBuildConfiguration;
			buildSettings = {
				ALWAYS_SEARCH_USER_PATHS = NO;
				CLANG_ANALYZER_NONNULL = YES;
				CLANG_ANALYZER_NUMBER_OBJECT_CONVERSION = YES_AGGRESSIVE;
				CLANG_CXX_LANGUAGE_STANDARD = "gnu++14";
				CLANG_CXX_LIBRARY = "libc++";
				CLANG_ENABLE_MODULES = YES;
				CLANG_ENABLE_OBJC_ARC = YES;
				CLANG_WARN_BLOCK_CAPTURE_AUTORELEASING = YES;
				CLANG_WARN_BOOL_CONVERSION = YES;
				CLANG_WARN_COMMA = YES;
				CLANG_WARN_CONSTANT_CONVERSION = YES;
				CLANG_WARN_DIRECT_OBJC_ISA_USAGE = YES_ERROR;
				CLANG_WARN_DOCUMENTATION_COMMENTS = YES;
				CLANG_WARN_EMPTY_BODY = YES;
				CLANG_WARN_ENUM_CONVERSION = YES;
				CLANG_WARN_INFINITE_RECURSION = YES;
				CLANG_WARN_INT_CONVERSION = YES;
				CLANG_WARN_NON_LITERAL_NULL_CONVERSION = YES;
				CLANG_WARN_OBJC_LITERAL_CONVERSION = YES;
				CLANG_WARN_OBJC_ROOT_CLASS = YES_ERROR;
				CLANG_WARN_RANGE_LOOP_ANALYSIS = YES;
				CLANG_WARN_STRICT_PROTOTYPES = YES;
				CLANG_WARN_SUSPICIOUS_MOVE = YES;
				CLANG_WARN_UNGUARDED_AVAILABILITY = YES_AGGRESSIVE;
				CLANG_WARN_UNREACHABLE_CODE = YES;
				CLANG_WARN__DUPLICATE_METHOD_MATCH = YES;
				CODE_SIGN_IDENTITY = "iPhone Developer";
				COPY_PHASE_STRIP = NO;
				DEBUG_INFORMATION_FORMAT = dwarf;
				ENABLE_STRICT_OBJC_MSGSEND = YES;
				ENABLE_TESTABILITY = YES;
				GCC_C_LANGUAGE_STANDARD = gnu11;
				GCC_DYNAMIC_NO_PIC = NO;
				GCC_NO_COMMON_BLOCKS = YES;
				GCC_OPTIMIZATION_LEVEL = 0;
				GCC_PREPROCESSOR_DEFINITIONS = (
					"DEBUG=1",
					"$(inherited)",
				);
				GCC_WARN_64_TO_32_BIT_CONVERSION = YES;
				GCC_WARN_ABOUT_RETURN_TYPE = YES_ERROR;
				GCC_WARN_UNDECLARED_SELECTOR = YES;
				GCC_WARN_UNINITIALIZED_AUTOS = YES_AGGRESSIVE;
				GCC_WARN_UNUSED_FUNCTION = YES;
				GCC_WARN_UNUSED_VARIABLE = YES;
				IPHONEOS_DEPLOYMENT_TARGET = 11.1;
				MTL_ENABLE_DEBUG_INFO = YES;
				ONLY_ACTIVE_ARCH = YES;
				SDKROOT = iphoneos;
				SWIFT_ACTIVE_COMPILATION_CONDITIONS = DEBUG;
				SWIFT_OPTIMIZATION_LEVEL = "-Onone";
			};
			name = Debug;
		};
		505466DA1FB78D2600BD8C2C /* Release */ = {
			isa = XCBuildConfiguration;
			buildSettings = {
				ALWAYS_SEARCH_USER_PATHS = NO;
				CLANG_ANALYZER_NONNULL = YES;
				CLANG_ANALYZER_NUMBER_OBJECT_CONVERSION = YES_AGGRESSIVE;
				CLANG_CXX_LANGUAGE_STANDARD = "gnu++14";
				CLANG_CXX_LIBRARY = "libc++";
				CLANG_ENABLE_MODULES = YES;
				CLANG_ENABLE_OBJC_ARC = YES;
				CLANG_WARN_BLOCK_CAPTURE_AUTORELEASING = YES;
				CLANG_WARN_BOOL_CONVERSION = YES;
				CLANG_WARN_COMMA = YES;
				CLANG_WARN_CONSTANT_CONVERSION = YES;
				CLANG_WARN_DIRECT_OBJC_ISA_USAGE = YES_ERROR;
				CLANG_WARN_DOCUMENTATION_COMMENTS = YES;
				CLANG_WARN_EMPTY_BODY = YES;
				CLANG_WARN_ENUM_CONVERSION = YES;
				CLANG_WARN_INFINITE_RECURSION = YES;
				CLANG_WARN_INT_CONVERSION = YES;
				CLANG_WARN_NON_LITERAL_NULL_CONVERSION = YES;
				CLANG_WARN_OBJC_LITERAL_CONVERSION = YES;
				CLANG_WARN_OBJC_ROOT_CLASS = YES_ERROR;
				CLANG_WARN_RANGE_LOOP_ANALYSIS = YES;
				CLANG_WARN_STRICT_PROTOTYPES = YES;
				CLANG_WARN_SUSPICIOUS_MOVE = YES;
				CLANG_WARN_UNGUARDED_AVAILABILITY = YES_AGGRESSIVE;
				CLANG_WARN_UNREACHABLE_CODE = YES;
				CLANG_WARN__DUPLICATE_METHOD_MATCH = YES;
				CODE_SIGN_IDENTITY = "iPhone Developer";
				COPY_PHASE_STRIP = NO;
				DEBUG_INFORMATION_FORMAT = "dwarf-with-dsym";
				ENABLE_NS_ASSERTIONS = NO;
				ENABLE_STRICT_OBJC_MSGSEND = YES;
				GCC_C_LANGUAGE_STANDARD = gnu11;
				GCC_NO_COMMON_BLOCKS = YES;
				GCC_WARN_64_TO_32_BIT_CONVERSION = YES;
				GCC_WARN_ABOUT_RETURN_TYPE = YES_ERROR;
				GCC_WARN_UNDECLARED_SELECTOR = YES;
				GCC_WARN_UNINITIALIZED_AUTOS = YES_AGGRESSIVE;
				GCC_WARN_UNUSED_FUNCTION = YES;
				GCC_WARN_UNUSED_VARIABLE = YES;
				IPHONEOS_DEPLOYMENT_TARGET = 11.1;
				MTL_ENABLE_DEBUG_INFO = NO;
				SDKROOT = iphoneos;
				SWIFT_OPTIMIZATION_LEVEL = "-Owholemodule";
				VALIDATE_PRODUCT = YES;
			};
			name = Release;
		};
		505466DC1FB78D2600BD8C2C /* Debug */ = {
			isa = XCBuildConfiguration;
			buildSettings = {
				ASSETCATALOG_COMPILER_APPICON_NAME = AppIcon;
				CODE_SIGN_STYLE = Automatic;
				INFOPLIST_FILE = ShoppingCalculator/Info.plist;
				LD_RUNPATH_SEARCH_PATHS = "$(inherited) @executable_path/Frameworks";
				PRODUCT_BUNDLE_IDENTIFIER = com.realLabz.ShoppingCalculator;
				PRODUCT_NAME = "$(TARGET_NAME)";
				SWIFT_VERSION = 4.0;
				TARGETED_DEVICE_FAMILY = "1,2";
			};
			name = Debug;
		};
		505466DD1FB78D2600BD8C2C /* Release */ = {
			isa = XCBuildConfiguration;
			buildSettings = {
				ASSETCATALOG_COMPILER_APPICON_NAME = AppIcon;
				CODE_SIGN_STYLE = Automatic;
				INFOPLIST_FILE = ShoppingCalculator/Info.plist;
				LD_RUNPATH_SEARCH_PATHS = "$(inherited) @executable_path/Frameworks";
				PRODUCT_BUNDLE_IDENTIFIER = com.realLabz.ShoppingCalculator;
				PRODUCT_NAME = "$(TARGET_NAME)";
				SWIFT_VERSION = 4.0;
				TARGETED_DEVICE_FAMILY = "1,2";
			};
			name = Release;
		};
		505466DF1FB78D2600BD8C2C /* Debug */ = {
			isa = XCBuildConfiguration;
			buildSettings = {
				ALWAYS_EMBED_SWIFT_STANDARD_LIBRARIES = YES;
				BUNDLE_LOADER = "$(TEST_HOST)";
				CODE_SIGN_STYLE = Automatic;
				INFOPLIST_FILE = ShoppingCalculatorTests/Info.plist;
				LD_RUNPATH_SEARCH_PATHS = "$(inherited) @executable_path/Frameworks @loader_path/Frameworks";
				PRODUCT_BUNDLE_IDENTIFIER = com.realLabz.ShoppingCalculatorTests;
				PRODUCT_NAME = "$(TARGET_NAME)";
				SWIFT_VERSION = 4.0;
				TARGETED_DEVICE_FAMILY = "1,2";
				TEST_HOST = "$(BUILT_PRODUCTS_DIR)/ShoppingCalculator.app/ShoppingCalculator";
			};
			name = Debug;
		};
		505466E01FB78D2600BD8C2C /* Release */ = {
			isa = XCBuildConfiguration;
			buildSettings = {
				ALWAYS_EMBED_SWIFT_STANDARD_LIBRARIES = YES;
				BUNDLE_LOADER = "$(TEST_HOST)";
				CODE_SIGN_STYLE = Automatic;
				INFOPLIST_FILE = ShoppingCalculatorTests/Info.plist;
				LD_RUNPATH_SEARCH_PATHS = "$(inherited) @executable_path/Frameworks @loader_path/Frameworks";
				PRODUCT_BUNDLE_IDENTIFIER = com.realLabz.ShoppingCalculatorTests;
				PRODUCT_NAME = "$(TARGET_NAME)";
				SWIFT_VERSION = 4.0;
				TARGETED_DEVICE_FAMILY = "1,2";
				TEST_HOST = "$(BUILT_PRODUCTS_DIR)/ShoppingCalculator.app/ShoppingCalculator";
			};
			name = Release;
		};
		505466E21FB78D2600BD8C2C /* Debug */ = {
			isa = XCBuildConfiguration;
			buildSettings = {
				ALWAYS_EMBED_SWIFT_STANDARD_LIBRARIES = YES;
				CODE_SIGN_STYLE = Automatic;
				INFOPLIST_FILE = ShoppingCalculatorUITests/Info.plist;
				LD_RUNPATH_SEARCH_PATHS = "$(inherited) @executable_path/Frameworks @loader_path/Frameworks";
				PRODUCT_BUNDLE_IDENTIFIER = com.realLabz.ShoppingCalculatorUITests;
				PRODUCT_NAME = "$(TARGET_NAME)";
				SWIFT_VERSION = 4.0;
				TARGETED_DEVICE_FAMILY = "1,2";
				TEST_TARGET_NAME = ShoppingCalculator;
			};
			name = Debug;
		};
		505466E31FB78D2600BD8C2C /* Release */ = {
			isa = XCBuildConfiguration;
			buildSettings = {
				ALWAYS_EMBED_SWIFT_STANDARD_LIBRARIES = YES;
				CODE_SIGN_STYLE = Automatic;
				INFOPLIST_FILE = ShoppingCalculatorUITests/Info.plist;
				LD_RUNPATH_SEARCH_PATHS = "$(inherited) @executable_path/Frameworks @loader_path/Frameworks";
				PRODUCT_BUNDLE_IDENTIFIER = com.realLabz.ShoppingCalculatorUITests;
				PRODUCT_NAME = "$(TARGET_NAME)";
				SWIFT_VERSION = 4.0;
				TARGETED_DEVICE_FAMILY = "1,2";
				TEST_TARGET_NAME = ShoppingCalculator;
			};
			name = Release;
		};
/* End XCBuildConfiguration section */

/* Begin XCConfigurationList section */
		505466AE1FB78D2600BD8C2C /* Build configuration list for PBXProject "ShoppingCalculator" */ = {
			isa = XCConfigurationList;
			buildConfigurations = (
				505466D91FB78D2600BD8C2C /* Debug */,
				505466DA1FB78D2600BD8C2C /* Release */,
			);
			defaultConfigurationIsVisible = 0;
			defaultConfigurationName = Release;
		};
		505466DB1FB78D2600BD8C2C /* Build configuration list for PBXNativeTarget "ShoppingCalculator" */ = {
			isa = XCConfigurationList;
			buildConfigurations = (
				505466DC1FB78D2600BD8C2C /* Debug */,
				505466DD1FB78D2600BD8C2C /* Release */,
			);
			defaultConfigurationIsVisible = 0;
			defaultConfigurationName = Release;
		};
		505466DE1FB78D2600BD8C2C /* Build configuration list for PBXNativeTarget "ShoppingCalculatorTests" */ = {
			isa = XCConfigurationList;
			buildConfigurations = (
				505466DF1FB78D2600BD8C2C /* Debug */,
				505466E01FB78D2600BD8C2C /* Release */,
			);
			defaultConfigurationIsVisible = 0;
			defaultConfigurationName = Release;
		};
		505466E11FB78D2600BD8C2C /* Build configuration list for PBXNativeTarget "ShoppingCalculatorUITests" */ = {
			isa = XCConfigurationList;
			buildConfigurations = (
				505466E21FB78D2600BD8C2C /* Debug */,
				505466E31FB78D2600BD8C2C /* Release */,
			);
			defaultConfigurationIsVisible = 0;
			defaultConfigurationName = Release;
		};
/* End XCConfigurationList section */
	};
	rootObject = 505466AB1FB78D2600BD8C2C /* Project object */;
}
